
Microsoft Visual Studio Solution File, Format Version 12.00
# Visual Studio Version 17
VisualStudioVersion = 17.9.34701.34
MinimumVisualStudioVersion = 10.0.40219.1
Project("{FAE04EC0-301F-11D3-BF4B-00C04F79EFBC}") = "AvaloniaTodo", "AvaloniaTodo\AvaloniaTodo.csproj", "{BE359558-FAF7-4E51-8403-FB36A87FBA2B}"
EndProject
Global
	GlobalSection(SolutionConfigurationPlatforms) = preSolution
		Debug|Any CPU = Debug|Any CPU
		Release|Any CPU = Release|Any CPU
	EndGlobalSection
	GlobalSection(ProjectConfigurationPlatforms) = postSolution
		{BE359558-FAF7-4E51-8403-FB36A87FBA2B}.Debug|Any CPU.ActiveCfg = Debug|Any CPU
		{BE359558-FAF7-4E51-8403-FB36A87FBA2B}.Debug|Any CPU.Build.0 = Debug|Any CPU
		{BE359558-FAF7-4E51-8403-FB36A87FBA2B}.Release|Any CPU.ActiveCfg = Release|Any CPU
		{BE359558-FAF7-4E51-8403-FB36A87FBA2B}.Release|Any CPU.Build.0 = Release|Any CPU
	EndGlobalSection
	GlobalSection(SolutionProperties) = preSolution
		HideSolutionNode = FALSE
	EndGlobalSection
	GlobalSection(ExtensibilityGlobals) = postSolution
		SolutionGuid = {18E8657F-FE91-49D2-8CB8-7F0F93C782F5}
	EndGlobalSection
EndGlobal
